
Microsoft Visual Studio Solution File, Format Version 12.00
Project("{FAE04EC0-301F-11D3-BF4B-00C04F79EFBC}") = "TestSolution.UI", "TestSolution.UI\TestSolution.UI.csproj", "{73EFAD28-8ED6-47E1-8B8B-3180815E397A}"
EndProject
Project("{FAE04EC0-301F-11D3-BF4B-00C04F79EFBC}") = "TestSolution.DataPersistence", "TestSolution.DataPersistence\TestSolution.DataPersistence.csproj", "{4D3CEC67-4E31-43FF-993E-B1FA6A72790D}"
EndProject
Project("{FAE04EC0-301F-11D3-BF4B-00C04F79EFBC}") = "TestSolution.SourceGenerator", "TestSolution.SourceGenerator\TestSolution.SourceGenerator.csproj", "{20861E95-C731-4E73-A24D-1E1DDD19CB57}"
EndProject
Global
	GlobalSection(SolutionConfigurationPlatforms) = preSolution
		Debug|Any CPU = Debug|Any CPU
		Release|Any CPU = Release|Any CPU
	EndGlobalSection
	GlobalSection(ProjectConfigurationPlatforms) = postSolution
		{73EFAD28-8ED6-47E1-8B8B-3180815E397A}.Debug|Any CPU.ActiveCfg = Debug|Any CPU
		{73EFAD28-8ED6-47E1-8B8B-3180815E397A}.Debug|Any CPU.Build.0 = Debug|Any CPU
		{73EFAD28-8ED6-47E1-8B8B-3180815E397A}.Release|Any CPU.ActiveCfg = Release|Any CPU
		{73EFAD28-8ED6-47E1-8B8B-3180815E397A}.Release|Any CPU.Build.0 = Release|Any CPU
		{4D3CEC67-4E31-43FF-993E-B1FA6A72790D}.Debug|Any CPU.ActiveCfg = Debug|Any CPU
		{4D3CEC67-4E31-43FF-993E-B1FA6A72790D}.Debug|Any CPU.Build.0 = Debug|Any CPU
		{4D3CEC67-4E31-43FF-993E-B1FA6A72790D}.Release|Any CPU.ActiveCfg = Release|Any CPU
		{4D3CEC67-4E31-43FF-993E-B1FA6A72790D}.Release|Any CPU.Build.0 = Release|Any CPU
		{20861E95-C731-4E73-A24D-1E1DDD19CB57}.Debug|Any CPU.ActiveCfg = Debug|Any CPU
		{20861E95-C731-4E73-A24D-1E1DDD19CB57}.Debug|Any CPU.Build.0 = Debug|Any CPU
		{20861E95-C731-4E73-A24D-1E1DDD19CB57}.Release|Any CPU.ActiveCfg = Release|Any CPU
		{20861E95-C731-4E73-A24D-1E1DDD19CB57}.Release|Any CPU.Build.0 = Release|Any CPU
	EndGlobalSection
EndGlobal
